
Microsoft Visual Studio Solution File, Format Version 12.00
# Visual Studio Version 17
VisualStudioVersion = 17.10.35027.167
MinimumVisualStudioVersion = 10.0.40219.1
Project("{9A19103F-16F7-4668-BE54-9A1E7A4F7556}") = "PRL", "PRL\PRL.csproj", "{6138CD3F-4B2E-464D-A45B-449A572EEE37}"
EndProject
Project("{9A19103F-16F7-4668-BE54-9A1E7A4F7556}") = "DAL", "DAL\DAL.csproj", "{04D0DAC7-D185-49CA-B65E-E5FE85AB3E40}"
EndProject
Project("{FAE04EC0-301F-11D3-BF4B-00C04F79EFBC}") = "BUS", "BUS\BUS.csproj", "{58249265-8B71-4F16-86E6-DE050E7C55E2}"
EndProject
Global
	GlobalSection(SolutionConfigurationPlatforms) = preSolution
		Debug|Any CPU = Debug|Any CPU
		Release|Any CPU = Release|Any CPU
	EndGlobalSection
	GlobalSection(ProjectConfigurationPlatforms) = postSolution
		{6138CD3F-4B2E-464D-A45B-449A572EEE37}.Debug|Any CPU.ActiveCfg = Debug|Any CPU
		{6138CD3F-4B2E-464D-A45B-449A572EEE37}.Debug|Any CPU.Build.0 = Debug|Any CPU
		{6138CD3F-4B2E-464D-A45B-449A572EEE37}.Release|Any CPU.ActiveCfg = Release|Any CPU
		{6138CD3F-4B2E-464D-A45B-449A572EEE37}.Release|Any CPU.Build.0 = Release|Any CPU
		{04D0DAC7-D185-49CA-B65E-E5FE85AB3E40}.Debug|Any CPU.ActiveCfg = Debug|Any CPU
		{04D0DAC7-D185-49CA-B65E-E5FE85AB3E40}.Debug|Any CPU.Build.0 = Debug|Any CPU
		{04D0DAC7-D185-49CA-B65E-E5FE85AB3E40}.Release|Any CPU.ActiveCfg = Release|Any CPU
		{04D0DAC7-D185-49CA-B65E-E5FE85AB3E40}.Release|Any CPU.Build.0 = Release|Any CPU
		{58249265-8B71-4F16-86E6-DE050E7C55E2}.Debug|Any CPU.ActiveCfg = Debug|Any CPU
		{58249265-8B71-4F16-86E6-DE050E7C55E2}.Debug|Any CPU.Build.0 = Debug|Any CPU
		{58249265-8B71-4F16-86E6-DE050E7C55E2}.Release|Any CPU.ActiveCfg = Release|Any CPU
		{58249265-8B71-4F16-86E6-DE050E7C55E2}.Release|Any CPU.Build.0 = Release|Any CPU
	EndGlobalSection
	GlobalSection(SolutionProperties) = preSolution
		HideSolutionNode = FALSE
	EndGlobalSection
	GlobalSection(ExtensibilityGlobals) = postSolution
		SolutionGuid = {8E0AFF27-335A-4D68-B24B-0D7C404650D6}
	EndGlobalSection
EndGlobal
